
Microsoft Visual Studio Solution File, Format Version 12.00
# Visual Studio 14
VisualStudioVersion = 14.0.25123.0
MinimumVisualStudioVersion = 10.0.40219.1
Project("{8BC9CEB8-8B4A-11D0-8D11-00A0C91BC942}") = "cgHomework", "cgHomework\cgHomework.vcxproj", "{B12702AD-ABFB-343A-A199-8E24837244A3}"
EndProject
Project("{8BC9CEB8-8B4A-11D0-8D11-00A0C91BC942}") = "cube", "cube\cube.vcxproj", "{BE39CB20-8A0D-388E-ABD1-8C724AAE1EA0}"
EndProject
Project("{8BC9CEB8-8B4A-11D0-8D11-00A0C91BC942}") = "ObjDrawer", "ObjDrawer\ObjDrawer.vcxproj", "{7D8D52A6-4A83-3AF2-BFC3-593DF6AAE074}"
EndProject
Project("{8BC9CEB8-8B4A-11D0-8D11-00A0C91BC942}") = "CircleAreaCalculator", "CircleAreaCalculator\CircleAreaCalculator.vcxproj", "{81C4228F-B668-4C36-A2EC-29C949E6259B}"
EndProject
Project("{8BC9CEB8-8B4A-11D0-8D11-00A0C91BC942}") = "SimpleViewer", "SimpleViewer\SimpleViewer.vcxproj", "{260305D6-15D4-49D8-ABF9-DE610FAB7244}"
EndProject
Global
	GlobalSection(SolutionConfigurationPlatforms) = preSolution
		Debug|x64 = Debug|x64
		Release|x64 = Release|x64
	EndGlobalSection
	GlobalSection(ProjectConfigurationPlatforms) = postSolution
		{B12702AD-ABFB-343A-A199-8E24837244A3}.Debug|x64.ActiveCfg = Debug|x64
		{B12702AD-ABFB-343A-A199-8E24837244A3}.Debug|x64.Build.0 = Debug|x64
		{B12702AD-ABFB-343A-A199-8E24837244A3}.Release|x64.ActiveCfg = Release|x64
		{B12702AD-ABFB-343A-A199-8E24837244A3}.Release|x64.Build.0 = Release|x64
		{BE39CB20-8A0D-388E-ABD1-8C724AAE1EA0}.Debug|x64.ActiveCfg = Debug|x64
		{BE39CB20-8A0D-388E-ABD1-8C724AAE1EA0}.Debug|x64.Build.0 = Debug|x64
		{BE39CB20-8A0D-388E-ABD1-8C724AAE1EA0}.Release|x64.ActiveCfg = Release|x64
		{BE39CB20-8A0D-388E-ABD1-8C724AAE1EA0}.Release|x64.Build.0 = Release|x64
		{7D8D52A6-4A83-3AF2-BFC3-593DF6AAE074}.Debug|x64.ActiveCfg = Debug|x64
		{7D8D52A6-4A83-3AF2-BFC3-593DF6AAE074}.Debug|x64.Build.0 = Debug|x64
		{7D8D52A6-4A83-3AF2-BFC3-593DF6AAE074}.Release|x64.ActiveCfg = Release|x64
		{7D8D52A6-4A83-3AF2-BFC3-593DF6AAE074}.Release|x64.Build.0 = Release|x64
		{81C4228F-B668-4C36-A2EC-29C949E6259B}.Debug|x64.ActiveCfg = Debug|x64
		{81C4228F-B668-4C36-A2EC-29C949E6259B}.Debug|x64.Build.0 = Debug|x64
		{81C4228F-B668-4C36-A2EC-29C949E6259B}.Release|x64.ActiveCfg = Release|x64
		{81C4228F-B668-4C36-A2EC-29C949E6259B}.Release|x64.Build.0 = Release|x64
		{260305D6-15D4-49D8-ABF9-DE610FAB7244}.Debug|x64.ActiveCfg = Debug|x64
		{260305D6-15D4-49D8-ABF9-DE610FAB7244}.Debug|x64.Build.0 = Debug|x64
		{260305D6-15D4-49D8-ABF9-DE610FAB7244}.Release|x64.ActiveCfg = Release|x64
		{260305D6-15D4-49D8-ABF9-DE610FAB7244}.Release|x64.Build.0 = Release|x64
	EndGlobalSection
	GlobalSection(SolutionProperties) = preSolution
		HideSolutionNode = FALSE
	EndGlobalSection
EndGlobal
